
Microsoft Visual Studio Solution File, Format Version 12.00
# Visual Studio Version 17
VisualStudioVersion = 17.5.002.0
MinimumVisualStudioVersion = 10.0.40219.1
Project("{9A19103F-16F7-4668-BE54-9A1E7A4F7556}") = "Introduction C#", "Introduction\Introduction C#.csproj", "{D3EB0269-F6E4-4B12-B3C4-84F7204DEA86}"
EndProject
Global
	GlobalSection(SolutionConfigurationPlatforms) = preSolution
		Debug|Any CPU = Debug|Any CPU
		Release|Any CPU = Release|Any CPU
	EndGlobalSection
	GlobalSection(ProjectConfigurationPlatforms) = postSolution
		{D3EB0269-F6E4-4B12-B3C4-84F7204DEA86}.Debug|Any CPU.ActiveCfg = Debug|Any CPU
		{D3EB0269-F6E4-4B12-B3C4-84F7204DEA86}.Debug|Any CPU.Build.0 = Debug|Any CPU
		{D3EB0269-F6E4-4B12-B3C4-84F7204DEA86}.Release|Any CPU.ActiveCfg = Release|Any CPU
		{D3EB0269-F6E4-4B12-B3C4-84F7204DEA86}.Release|Any CPU.Build.0 = Release|Any CPU
	EndGlobalSection
	GlobalSection(SolutionProperties) = preSolution
		HideSolutionNode = FALSE
	EndGlobalSection
	GlobalSection(ExtensibilityGlobals) = postSolution
		SolutionGuid = {5ECDFB5F-D991-464D-8AE4-977F4A40340B}
	EndGlobalSection
EndGlobal
